// !$*UTF8*$!
{
	archiveVersion = 1;
	classes = {
	};
	objectVersion = 55;
	objects = {

/* Begin PBXBuildFile section */
		E900B30E274AB2FF005D780F /* Injection.swift in Sources */ = {isa = PBXBuildFile; fileRef = E900B30D274AB2FF005D780F /* Injection.swift */; };
		E945ED70274A4ECA006C438B /* Games in Frameworks */ = {isa = PBXBuildFile; productRef = E945ED6F274A4ECA006C438B /* Games */; };
		E949F5B2274BCC5F00ACB02A /* DetailGame in Frameworks */ = {isa = PBXBuildFile; productRef = E949F5B1274BCC5F00ACB02A /* DetailGame */; };
		E949F5B4274C60BF00ACB02A /* DetailGameComponent.swift in Sources */ = {isa = PBXBuildFile; fileRef = E949F5B3274C60BF00ACB02A /* DetailGameComponent.swift */; };
		E949F5B6274C624300ACB02A /* StateHandler.swift in Sources */ = {isa = PBXBuildFile; fileRef = E949F5B5274C624300ACB02A /* StateHandler.swift */; };
		E94DCA17274A4F0D0080F23E /* Core in Frameworks */ = {isa = PBXBuildFile; productRef = E94DCA16274A4F0D0080F23E /* Core */; };
		E995AE77274D943A00018910 /* ListGamesRouter.swift in Sources */ = {isa = PBXBuildFile; fileRef = E995AE76274D943A00018910 /* ListGamesRouter.swift */; };
		E9E322A52749556D009CCC10 /* MyGamesApp.swift in Sources */ = {isa = PBXBuildFile; fileRef = E9E322A42749556D009CCC10 /* MyGamesApp.swift */; };
		E9E322A72749556D009CCC10 /* ContentView.swift in Sources */ = {isa = PBXBuildFile; fileRef = E9E322A62749556D009CCC10 /* ContentView.swift */; };
		E9E322A92749556E009CCC10 /* Assets.xcassets in Resources */ = {isa = PBXBuildFile; fileRef = E9E322A82749556E009CCC10 /* Assets.xcassets */; };
		E9E322AC2749556E009CCC10 /* Preview Assets.xcassets in Resources */ = {isa = PBXBuildFile; fileRef = E9E322AB2749556E009CCC10 /* Preview Assets.xcassets */; };
		E9E32328274958BE009CCC10 /* ListViewComponent.swift in Sources */ = {isa = PBXBuildFile; fileRef = E9E32302274958BD009CCC10 /* ListViewComponent.swift */; };
		E9E32329274958BE009CCC10 /* MetacriticView.swift in Sources */ = {isa = PBXBuildFile; fileRef = E9E32303274958BD009CCC10 /* MetacriticView.swift */; };
		E9E3232A274958BE009CCC10 /* SearchBarComponent.swift in Sources */ = {isa = PBXBuildFile; fileRef = E9E32304274958BD009CCC10 /* SearchBarComponent.swift */; };
		E9E3232B274958BE009CCC10 /* ListTileComponent.swift in Sources */ = {isa = PBXBuildFile; fileRef = E9E32305274958BD009CCC10 /* ListTileComponent.swift */; };
		E9E3232C274958BE009CCC10 /* FavoriteButton.swift in Sources */ = {isa = PBXBuildFile; fileRef = E9E32306274958BD009CCC10 /* FavoriteButton.swift */; };
		E9E3232D274958BE009CCC10 /* FormatDate.swift in Sources */ = {isa = PBXBuildFile; fileRef = E9E32308274958BD009CCC10 /* FormatDate.swift */; };
		E9E3232E274958BE009CCC10 /* Configs.swift in Sources */ = {isa = PBXBuildFile; fileRef = E9E32309274958BD009CCC10 /* Configs.swift */; };
		E9E3232F274958BE009CCC10 /* Notification.swift in Sources */ = {isa = PBXBuildFile; fileRef = E9E3230A274958BD009CCC10 /* Notification.swift */; };
		E9E32330274958BE009CCC10 /* HomePage.swift in Sources */ = {isa = PBXBuildFile; fileRef = E9E3230C274958BD009CCC10 /* HomePage.swift */; };
		E9E32331274958BE009CCC10 /* DetailPage.swift in Sources */ = {isa = PBXBuildFile; fileRef = E9E3230D274958BD009CCC10 /* DetailPage.swift */; };
		E9E32332274958BE009CCC10 /* EditProfilePage.swift in Sources */ = {isa = PBXBuildFile; fileRef = E9E3230E274958BD009CCC10 /* EditProfilePage.swift */; };
		E9E32336274958BE009CCC10 /* CatalogueHandler.swift in Sources */ = {isa = PBXBuildFile; fileRef = E9E32314274958BD009CCC10 /* CatalogueHandler.swift */; };
		E9E32337274958BE009CCC10 /* CatalogueModel.xcdatamodeld in Sources */ = {isa = PBXBuildFile; fileRef = E9E32315274958BD009CCC10 /* CatalogueModel.xcdatamodeld */; };
		E9E32338274958BE009CCC10 /* PersistenceController.swift in Sources */ = {isa = PBXBuildFile; fileRef = E9E32317274958BD009CCC10 /* PersistenceController.swift */; };
		E9E32339274958BE009CCC10 /* DetailGameItem.swift in Sources */ = {isa = PBXBuildFile; fileRef = E9E32319274958BD009CCC10 /* DetailGameItem.swift */; };
		E9E3233A274958BE009CCC10 /* GameItem.swift in Sources */ = {isa = PBXBuildFile; fileRef = E9E3231A274958BD009CCC10 /* GameItem.swift */; };
		E9E3233B274958BE009CCC10 /* DetailGameResponse.swift in Sources */ = {isa = PBXBuildFile; fileRef = E9E3231B274958BD009CCC10 /* DetailGameResponse.swift */; };
		E9E3233C274958BE009CCC10 /* ListGamesResponse.swift in Sources */ = {isa = PBXBuildFile; fileRef = E9E3231C274958BD009CCC10 /* ListGamesResponse.swift */; };
		E9E3233D274958BE009CCC10 /* AboutView.swift in Sources */ = {isa = PBXBuildFile; fileRef = E9E3231E274958BD009CCC10 /* AboutView.swift */; };
		E9E3233E274958BE009CCC10 /* SearchGamesView.swift in Sources */ = {isa = PBXBuildFile; fileRef = E9E3231F274958BD009CCC10 /* SearchGamesView.swift */; };
		E9E3233F274958BE009CCC10 /* ListGamesView.swift in Sources */ = {isa = PBXBuildFile; fileRef = E9E32320274958BD009CCC10 /* ListGamesView.swift */; };
		E9E32340274958BE009CCC10 /* FavoriteGamesView.swift in Sources */ = {isa = PBXBuildFile; fileRef = E9E32321274958BD009CCC10 /* FavoriteGamesView.swift */; };
		E9E32343274961F4009CCC10 /* SDWebImageSwiftUI in Frameworks */ = {isa = PBXBuildFile; productRef = E9E32342274961F4009CCC10 /* SDWebImageSwiftUI */; };
/* End PBXBuildFile section */

/* Begin PBXFileReference section */
		E900B30D274AB2FF005D780F /* Injection.swift */ = {isa = PBXFileReference; lastKnownFileType = sourcecode.swift; path = Injection.swift; sourceTree = "<group>"; };
		E945ED68274A2538006C438B /* Core */ = {isa = PBXFileReference; lastKnownFileType = folder; name = Core; path = ../Modules/Core; sourceTree = "<group>"; };
		E945ED69274A2C05006C438B /* Games */ = {isa = PBXFileReference; lastKnownFileType = folder; name = Games; path = ../Modules/Games; sourceTree = "<group>"; };
		E949F5B0274BCC5000ACB02A /* DetailGame */ = {isa = PBXFileReference; lastKnownFileType = folder; name = DetailGame; path = ../Modules/DetailGame; sourceTree = "<group>"; };
		E949F5B3274C60BF00ACB02A /* DetailGameComponent.swift */ = {isa = PBXFileReference; lastKnownFileType = sourcecode.swift; path = DetailGameComponent.swift; sourceTree = "<group>"; };
		E949F5B5274C624300ACB02A /* StateHandler.swift */ = {isa = PBXFileReference; lastKnownFileType = sourcecode.swift; path = StateHandler.swift; sourceTree = "<group>"; };
		E995AE76274D943A00018910 /* ListGamesRouter.swift */ = {isa = PBXFileReference; lastKnownFileType = sourcecode.swift; path = ListGamesRouter.swift; sourceTree = "<group>"; };
		E9E322A12749556D009CCC10 /* MyGames.app */ = {isa = PBXFileReference; explicitFileType = wrapper.application; includeInIndex = 0; path = MyGames.app; sourceTree = BUILT_PRODUCTS_DIR; };
		E9E322A42749556D009CCC10 /* MyGamesApp.swift */ = {isa = PBXFileReference; lastKnownFileType = sourcecode.swift; path = MyGamesApp.swift; sourceTree = "<group>"; };
		E9E322A62749556D009CCC10 /* ContentView.swift */ = {isa = PBXFileReference; lastKnownFileType = sourcecode.swift; path = ContentView.swift; sourceTree = "<group>"; };
		E9E322A82749556E009CCC10 /* Assets.xcassets */ = {isa = PBXFileReference; lastKnownFileType = folder.assetcatalog; path = Assets.xcassets; sourceTree = "<group>"; };
		E9E322AB2749556E009CCC10 /* Preview Assets.xcassets */ = {isa = PBXFileReference; lastKnownFileType = folder.assetcatalog; path = "Preview Assets.xcassets"; sourceTree = "<group>"; };
		E9E32302274958BD009CCC10 /* ListViewComponent.swift */ = {isa = PBXFileReference; fileEncoding = 4; lastKnownFileType = sourcecode.swift; path = ListViewComponent.swift; sourceTree = "<group>"; };
		E9E32303274958BD009CCC10 /* MetacriticView.swift */ = {isa = PBXFileReference; fileEncoding = 4; lastKnownFileType = sourcecode.swift; path = MetacriticView.swift; sourceTree = "<group>"; };
		E9E32304274958BD009CCC10 /* SearchBarComponent.swift */ = {isa = PBXFileReference; fileEncoding = 4; lastKnownFileType = sourcecode.swift; path = SearchBarComponent.swift; sourceTree = "<group>"; };
		E9E32305274958BD009CCC10 /* ListTileComponent.swift */ = {isa = PBXFileReference; fileEncoding = 4; lastKnownFileType = sourcecode.swift; path = ListTileComponent.swift; sourceTree = "<group>"; };
		E9E32306274958BD009CCC10 /* FavoriteButton.swift */ = {isa = PBXFileReference; fileEncoding = 4; lastKnownFileType = sourcecode.swift; path = FavoriteButton.swift; sourceTree = "<group>"; };
		E9E32308274958BD009CCC10 /* FormatDate.swift */ = {isa = PBXFileReference; fileEncoding = 4; lastKnownFileType = sourcecode.swift; path = FormatDate.swift; sourceTree = "<group>"; };
		E9E32309274958BD009CCC10 /* Configs.swift */ = {isa = PBXFileReference; fileEncoding = 4; lastKnownFileType = sourcecode.swift; path = Configs.swift; sourceTree = "<group>"; };
		E9E3230A274958BD009CCC10 /* Notification.swift */ = {isa = PBXFileReference; fileEncoding = 4; lastKnownFileType = sourcecode.swift; path = Notification.swift; sourceTree = "<group>"; };
		E9E3230C274958BD009CCC10 /* HomePage.swift */ = {isa = PBXFileReference; fileEncoding = 4; lastKnownFileType = sourcecode.swift; path = HomePage.swift; sourceTree = "<group>"; };
		E9E3230D274958BD009CCC10 /* DetailPage.swift */ = {isa = PBXFileReference; fileEncoding = 4; lastKnownFileType = sourcecode.swift; path = DetailPage.swift; sourceTree = "<group>"; };
		E9E3230E274958BD009CCC10 /* EditProfilePage.swift */ = {isa = PBXFileReference; fileEncoding = 4; lastKnownFileType = sourcecode.swift; path = EditProfilePage.swift; sourceTree = "<group>"; };
		E9E32314274958BD009CCC10 /* CatalogueHandler.swift */ = {isa = PBXFileReference; fileEncoding = 4; lastKnownFileType = sourcecode.swift; path = CatalogueHandler.swift; sourceTree = "<group>"; };
		E9E32316274958BD009CCC10 /* CatalogueModel.xcdatamodel */ = {isa = PBXFileReference; lastKnownFileType = wrapper.xcdatamodel; path = CatalogueModel.xcdatamodel; sourceTree = "<group>"; };
		E9E32317274958BD009CCC10 /* PersistenceController.swift */ = {isa = PBXFileReference; fileEncoding = 4; lastKnownFileType = sourcecode.swift; path = PersistenceController.swift; sourceTree = "<group>"; };
		E9E32319274958BD009CCC10 /* DetailGameItem.swift */ = {isa = PBXFileReference; fileEncoding = 4; lastKnownFileType = sourcecode.swift; path = DetailGameItem.swift; sourceTree = "<group>"; };
		E9E3231A274958BD009CCC10 /* GameItem.swift */ = {isa = PBXFileReference; fileEncoding = 4; lastKnownFileType = sourcecode.swift; path = GameItem.swift; sourceTree = "<group>"; };
		E9E3231B274958BD009CCC10 /* DetailGameResponse.swift */ = {isa = PBXFileReference; fileEncoding = 4; lastKnownFileType = sourcecode.swift; path = DetailGameResponse.swift; sourceTree = "<group>"; };
		E9E3231C274958BD009CCC10 /* ListGamesResponse.swift */ = {isa = PBXFileReference; fileEncoding = 4; lastKnownFileType = sourcecode.swift; path = ListGamesResponse.swift; sourceTree = "<group>"; };
		E9E3231E274958BD009CCC10 /* AboutView.swift */ = {isa = PBXFileReference; fileEncoding = 4; lastKnownFileType = sourcecode.swift; path = AboutView.swift; sourceTree = "<group>"; };
		E9E3231F274958BD009CCC10 /* SearchGamesView.swift */ = {isa = PBXFileReference; fileEncoding = 4; lastKnownFileType = sourcecode.swift; path = SearchGamesView.swift; sourceTree = "<group>"; };
		E9E32320274958BD009CCC10 /* ListGamesView.swift */ = {isa = PBXFileReference; fileEncoding = 4; lastKnownFileType = sourcecode.swift; path = ListGamesView.swift; sourceTree = "<group>"; };
		E9E32321274958BD009CCC10 /* FavoriteGamesView.swift */ = {isa = PBXFileReference; fileEncoding = 4; lastKnownFileType = sourcecode.swift; path = FavoriteGamesView.swift; sourceTree = "<group>"; };
/* End PBXFileReference section */

/* Begin PBXFrameworksBuildPhase section */
		E9E3229E2749556D009CCC10 /* Frameworks */ = {
			isa = PBXFrameworksBuildPhase;
			buildActionMask = 2147483647;
			files = (
				E945ED70274A4ECA006C438B /* Games in Frameworks */,
				E9E32343274961F4009CCC10 /* SDWebImageSwiftUI in Frameworks */,
				E94DCA17274A4F0D0080F23E /* Core in Frameworks */,
				E949F5B2274BCC5F00ACB02A /* DetailGame in Frameworks */,
			);
			runOnlyForDeploymentPostprocessing = 0;
		};
/* End PBXFrameworksBuildPhase section */

/* Begin PBXGroup section */
		E900B30F274AB32F005D780F /* DI */ = {
			isa = PBXGroup;
			children = (
				E900B30D274AB2FF005D780F /* Injection.swift */,
			);
			path = DI;
			sourceTree = "<group>";
		};
		E945ED6A274A4E44006C438B /* Frameworks */ = {
			isa = PBXGroup;
			children = (
			);
			name = Frameworks;
			sourceTree = "<group>";
		};
		E995AE75274D942800018910 /* Routers */ = {
			isa = PBXGroup;
			children = (
				E995AE76274D943A00018910 /* ListGamesRouter.swift */,
			);
			path = Routers;
			sourceTree = "<group>";
		};
		E9E322982749556D009CCC10 = {
			isa = PBXGroup;
			children = (
				E949F5B0274BCC5000ACB02A /* DetailGame */,
				E945ED69274A2C05006C438B /* Games */,
				E945ED68274A2538006C438B /* Core */,
				E9E322A32749556D009CCC10 /* MyGames */,
				E9E322A22749556D009CCC10 /* Products */,
				E945ED6A274A4E44006C438B /* Frameworks */,
			);
			sourceTree = "<group>";
		};
		E9E322A22749556D009CCC10 /* Products */ = {
			isa = PBXGroup;
			children = (
				E9E322A12749556D009CCC10 /* MyGames.app */,
			);
			name = Products;
			sourceTree = "<group>";
		};
		E9E322A32749556D009CCC10 /* MyGames */ = {
			isa = PBXGroup;
			children = (
				E995AE75274D942800018910 /* Routers */,
				E9E322A82749556E009CCC10 /* Assets.xcassets */,
				E9E322FA274958BD009CCC10 /* Components */,
				E9E322A62749556D009CCC10 /* ContentView.swift */,
				E9E32313274958BD009CCC10 /* CoreData */,
				E900B30F274AB32F005D780F /* DI */,
				E9E32318274958BD009CCC10 /* Entities */,
				E9E322A42749556D009CCC10 /* MyGamesApp.swift */,
				E9E3230B274958BD009CCC10 /* Pages */,
				E9E322AA2749556E009CCC10 /* Preview Content */,
				E9E32307274958BD009CCC10 /* Utilities */,
				E9E3231D274958BD009CCC10 /* Views */,
			);
			path = MyGames;
			sourceTree = "<group>";
		};
		E9E322AA2749556E009CCC10 /* Preview Content */ = {
			isa = PBXGroup;
			children = (
				E9E322AB2749556E009CCC10 /* Preview Assets.xcassets */,
			);
			path = "Preview Content";
			sourceTree = "<group>";
		};
		E9E322FA274958BD009CCC10 /* Components */ = {
			isa = PBXGroup;
			children = (
				E9E32302274958BD009CCC10 /* ListViewComponent.swift */,
				E9E32303274958BD009CCC10 /* MetacriticView.swift */,
				E9E32304274958BD009CCC10 /* SearchBarComponent.swift */,
				E9E32305274958BD009CCC10 /* ListTileComponent.swift */,
				E9E32306274958BD009CCC10 /* FavoriteButton.swift */,
				E949F5B3274C60BF00ACB02A /* DetailGameComponent.swift */,
				E949F5B5274C624300ACB02A /* StateHandler.swift */,
			);
			path = Components;
			sourceTree = "<group>";
		};
		E9E32307274958BD009CCC10 /* Utilities */ = {
			isa = PBXGroup;
			children = (
				E9E32308274958BD009CCC10 /* FormatDate.swift */,
				E9E32309274958BD009CCC10 /* Configs.swift */,
				E9E3230A274958BD009CCC10 /* Notification.swift */,
			);
			path = Utilities;
			sourceTree = "<group>";
		};
		E9E3230B274958BD009CCC10 /* Pages */ = {
			isa = PBXGroup;
			children = (
				E9E3230C274958BD009CCC10 /* HomePage.swift */,
				E9E3230D274958BD009CCC10 /* DetailPage.swift */,
				E9E3230E274958BD009CCC10 /* EditProfilePage.swift */,
			);
			path = Pages;
			sourceTree = "<group>";
		};
		E9E32313274958BD009CCC10 /* CoreData */ = {
			isa = PBXGroup;
			children = (
				E9E32314274958BD009CCC10 /* CatalogueHandler.swift */,
				E9E32315274958BD009CCC10 /* CatalogueModel.xcdatamodeld */,
				E9E32317274958BD009CCC10 /* PersistenceController.swift */,
			);
			path = CoreData;
			sourceTree = "<group>";
		};
		E9E32318274958BD009CCC10 /* Entities */ = {
			isa = PBXGroup;
			children = (
				E9E32319274958BD009CCC10 /* DetailGameItem.swift */,
				E9E3231A274958BD009CCC10 /* GameItem.swift */,
				E9E3231B274958BD009CCC10 /* DetailGameResponse.swift */,
				E9E3231C274958BD009CCC10 /* ListGamesResponse.swift */,
			);
			path = Entities;
			sourceTree = "<group>";
		};
		E9E3231D274958BD009CCC10 /* Views */ = {
			isa = PBXGroup;
			children = (
				E9E3231E274958BD009CCC10 /* AboutView.swift */,
				E9E3231F274958BD009CCC10 /* SearchGamesView.swift */,
				E9E32320274958BD009CCC10 /* ListGamesView.swift */,
				E9E32321274958BD009CCC10 /* FavoriteGamesView.swift */,
			);
			path = Views;
			sourceTree = "<group>";
		};
/* End PBXGroup section */

/* Begin PBXNativeTarget section */
		E9E322A02749556D009CCC10 /* MyGames */ = {
			isa = PBXNativeTarget;
			buildConfigurationList = E9E322AF2749556E009CCC10 /* Build configuration list for PBXNativeTarget "MyGames" */;
			buildPhases = (
				E9E3229D2749556D009CCC10 /* Sources */,
				E9E322B2274956ED009CCC10 /* SwiftLint */,
				E9E3229E2749556D009CCC10 /* Frameworks */,
				E9E3229F2749556D009CCC10 /* Resources */,
			);
			buildRules = (
			);
			dependencies = (
			);
			name = MyGames;
			packageProductDependencies = (
				E9E32342274961F4009CCC10 /* SDWebImageSwiftUI */,
				E945ED6F274A4ECA006C438B /* Games */,
				E94DCA16274A4F0D0080F23E /* Core */,
				E949F5B1274BCC5F00ACB02A /* DetailGame */,
			);
			productName = MyGames;
			productReference = E9E322A12749556D009CCC10 /* MyGames.app */;
			productType = "com.apple.product-type.application";
		};
/* End PBXNativeTarget section */

/* Begin PBXProject section */
		E9E322992749556D009CCC10 /* Project object */ = {
			isa = PBXProject;
			attributes = {
				BuildIndependentTargetsInParallel = 1;
				LastSwiftUpdateCheck = 1310;
				LastUpgradeCheck = 1310;
				TargetAttributes = {
					E9E322A02749556D009CCC10 = {
						CreatedOnToolsVersion = 13.1;
					};
				};
			};
			buildConfigurationList = E9E3229C2749556D009CCC10 /* Build configuration list for PBXProject "MyGames" */;
			compatibilityVersion = "Xcode 13.0";
			developmentRegion = en;
			hasScannedForEncodings = 0;
			knownRegions = (
				en,
				Base,
			);
			mainGroup = E9E322982749556D009CCC10;
			packageReferences = (
				E9E32341274961F4009CCC10 /* XCRemoteSwiftPackageReference "SDWebImageSwiftUI" */,
			);
			productRefGroup = E9E322A22749556D009CCC10 /* Products */;
			projectDirPath = "";
			projectRoot = "";
			targets = (
				E9E322A02749556D009CCC10 /* MyGames */,
			);
		};
/* End PBXProject section */

/* Begin PBXResourcesBuildPhase section */
		E9E3229F2749556D009CCC10 /* Resources */ = {
			isa = PBXResourcesBuildPhase;
			buildActionMask = 2147483647;
			files = (
				E9E322AC2749556E009CCC10 /* Preview Assets.xcassets in Resources */,
				E9E322A92749556E009CCC10 /* Assets.xcassets in Resources */,
			);
			runOnlyForDeploymentPostprocessing = 0;
		};
/* End PBXResourcesBuildPhase section */

/* Begin PBXShellScriptBuildPhase section */
		E9E322B2274956ED009CCC10 /* SwiftLint */ = {
			isa = PBXShellScriptBuildPhase;
			buildActionMask = 2147483647;
			files = (
			);
			inputFileListPaths = (
			);
			inputPaths = (
			);
			name = SwiftLint;
			outputFileListPaths = (
			);
			outputPaths = (
			);
			runOnlyForDeploymentPostprocessing = 0;
			shellPath = /bin/sh;
			shellScript = "if which swiftlint >/dev/null; then\n  swiftlint autocorrect && swiftlint\nelse\n  echo \"warning: SwiftLint not installed, download from https://github.com/realm/SwiftLint\"\nfi\n";
		};
/* End PBXShellScriptBuildPhase section */

/* Begin PBXSourcesBuildPhase section */
		E9E3229D2749556D009CCC10 /* Sources */ = {
			isa = PBXSourcesBuildPhase;
			buildActionMask = 2147483647;
			files = (
				E995AE77274D943A00018910 /* ListGamesRouter.swift in Sources */,
				E9E32328274958BE009CCC10 /* ListViewComponent.swift in Sources */,
				E9E32337274958BE009CCC10 /* CatalogueModel.xcdatamodeld in Sources */,
				E9E3232A274958BE009CCC10 /* SearchBarComponent.swift in Sources */,
				E9E32340274958BE009CCC10 /* FavoriteGamesView.swift in Sources */,
				E9E3233D274958BE009CCC10 /* AboutView.swift in Sources */,
				E9E32330274958BE009CCC10 /* HomePage.swift in Sources */,
				E9E3232F274958BE009CCC10 /* Notification.swift in Sources */,
				E9E322A72749556D009CCC10 /* ContentView.swift in Sources */,
				E9E32339274958BE009CCC10 /* DetailGameItem.swift in Sources */,
				E9E3232E274958BE009CCC10 /* Configs.swift in Sources */,
				E9E322A52749556D009CCC10 /* MyGamesApp.swift in Sources */,
				E9E3232D274958BE009CCC10 /* FormatDate.swift in Sources */,
				E9E3233F274958BE009CCC10 /* ListGamesView.swift in Sources */,
				E949F5B4274C60BF00ACB02A /* DetailGameComponent.swift in Sources */,
				E9E3233C274958BE009CCC10 /* ListGamesResponse.swift in Sources */,
				E9E3233A274958BE009CCC10 /* GameItem.swift in Sources */,
				E9E32332274958BE009CCC10 /* EditProfilePage.swift in Sources */,
				E9E32336274958BE009CCC10 /* CatalogueHandler.swift in Sources */,
				E9E32329274958BE009CCC10 /* MetacriticView.swift in Sources */,
				E949F5B6274C624300ACB02A /* StateHandler.swift in Sources */,
				E900B30E274AB2FF005D780F /* Injection.swift in Sources */,
				E9E3233B274958BE009CCC10 /* DetailGameResponse.swift in Sources */,
				E9E3233E274958BE009CCC10 /* SearchGamesView.swift in Sources */,
				E9E32331274958BE009CCC10 /* DetailPage.swift in Sources */,
				E9E3232B274958BE009CCC10 /* ListTileComponent.swift in Sources */,
				E9E3232C274958BE009CCC10 /* FavoriteButton.swift in Sources */,
				E9E32338274958BE009CCC10 /* PersistenceController.swift in Sources */,
			);
			runOnlyForDeploymentPostprocessing = 0;
		};
/* End PBXSourcesBuildPhase section */

/* Begin XCBuildConfiguration section */
		E9E322AD2749556E009CCC10 /* Debug */ = {
			isa = XCBuildConfiguration;
			buildSettings = {
				ALWAYS_SEARCH_USER_PATHS = NO;
				CLANG_ANALYZER_NONNULL = YES;
				CLANG_ANALYZER_NUMBER_OBJECT_CONVERSION = YES_AGGRESSIVE;
				CLANG_CXX_LANGUAGE_STANDARD = "gnu++17";
				CLANG_CXX_LIBRARY = "libc++";
				CLANG_ENABLE_MODULES = YES;
				CLANG_ENABLE_OBJC_ARC = YES;
				CLANG_ENABLE_OBJC_WEAK = YES;
				CLANG_WARN_BLOCK_CAPTURE_AUTORELEASING = YES;
				CLANG_WARN_BOOL_CONVERSION = YES;
				CLANG_WARN_COMMA = YES;
				CLANG_WARN_CONSTANT_CONVERSION = YES;
				CLANG_WARN_DEPRECATED_OBJC_IMPLEMENTATIONS = YES;
				CLANG_WARN_DIRECT_OBJC_ISA_USAGE = YES_ERROR;
				CLANG_WARN_DOCUMENTATION_COMMENTS = YES;
				CLANG_WARN_EMPTY_BODY = YES;
				CLANG_WARN_ENUM_CONVERSION = YES;
				CLANG_WARN_INFINITE_RECURSION = YES;
				CLANG_WARN_INT_CONVERSION = YES;
				CLANG_WARN_NON_LITERAL_NULL_CONVERSION = YES;
				CLANG_WARN_OBJC_IMPLICIT_RETAIN_SELF = YES;
				CLANG_WARN_OBJC_LITERAL_CONVERSION = YES;
				CLANG_WARN_OBJC_ROOT_CLASS = YES_ERROR;
				CLANG_WARN_QUOTED_INCLUDE_IN_FRAMEWORK_HEADER = YES;
				CLANG_WARN_RANGE_LOOP_ANALYSIS = YES;
				CLANG_WARN_STRICT_PROTOTYPES = YES;
				CLANG_WARN_SUSPICIOUS_MOVE = YES;
				CLANG_WARN_UNGUARDED_AVAILABILITY = YES_AGGRESSIVE;
				CLANG_WARN_UNREACHABLE_CODE = YES;
				CLANG_WARN__DUPLICATE_METHOD_MATCH = YES;
				COPY_PHASE_STRIP = NO;
				DEBUG_INFORMATION_FORMAT = dwarf;
				ENABLE_STRICT_OBJC_MSGSEND = YES;
				ENABLE_TESTABILITY = YES;
				GCC_C_LANGUAGE_STANDARD = gnu11;
				GCC_DYNAMIC_NO_PIC = NO;
				GCC_NO_COMMON_BLOCKS = YES;
				GCC_OPTIMIZATION_LEVEL = 0;
				GCC_PREPROCESSOR_DEFINITIONS = (
					"DEBUG=1",
					"$(inherited)",
				);
				GCC_WARN_64_TO_32_BIT_CONVERSION = YES;
				GCC_WARN_ABOUT_RETURN_TYPE = YES_ERROR;
				GCC_WARN_UNDECLARED_SELECTOR = YES;
				GCC_WARN_UNINITIALIZED_AUTOS = YES_AGGRESSIVE;
				GCC_WARN_UNUSED_FUNCTION = YES;
				GCC_WARN_UNUSED_VARIABLE = YES;
				IPHONEOS_DEPLOYMENT_TARGET = 15.0;
				MTL_ENABLE_DEBUG_INFO = INCLUDE_SOURCE;
				MTL_FAST_MATH = YES;
				ONLY_ACTIVE_ARCH = YES;
				SDKROOT = iphoneos;
				SWIFT_ACTIVE_COMPILATION_CONDITIONS = DEBUG;
				SWIFT_OPTIMIZATION_LEVEL = "-Onone";
			};
			name = Debug;
		};
		E9E322AE2749556E009CCC10 /* Release */ = {
			isa = XCBuildConfiguration;
			buildSettings = {
				ALWAYS_SEARCH_USER_PATHS = NO;
				CLANG_ANALYZER_NONNULL = YES;
				CLANG_ANALYZER_NUMBER_OBJECT_CONVERSION = YES_AGGRESSIVE;
				CLANG_CXX_LANGUAGE_STANDARD = "gnu++17";
				CLANG_CXX_LIBRARY = "libc++";
				CLANG_ENABLE_MODULES = YES;
				CLANG_ENABLE_OBJC_ARC = YES;
				CLANG_ENABLE_OBJC_WEAK = YES;
				CLANG_WARN_BLOCK_CAPTURE_AUTORELEASING = YES;
				CLANG_WARN_BOOL_CONVERSION = YES;
				CLANG_WARN_COMMA = YES;
				CLANG_WARN_CONSTANT_CONVERSION = YES;
				CLANG_WARN_DEPRECATED_OBJC_IMPLEMENTATIONS = YES;
				CLANG_WARN_DIRECT_OBJC_ISA_USAGE = YES_ERROR;
				CLANG_WARN_DOCUMENTATION_COMMENTS = YES;
				CLANG_WARN_EMPTY_BODY = YES;
				CLANG_WARN_ENUM_CONVERSION = YES;
				CLANG_WARN_INFINITE_RECURSION = YES;
				CLANG_WARN_INT_CONVERSION = YES;
				CLANG_WARN_NON_LITERAL_NULL_CONVERSION = YES;
				CLANG_WARN_OBJC_IMPLICIT_RETAIN_SELF = YES;
				CLANG_WARN_OBJC_LITERAL_CONVERSION = YES;
				CLANG_WARN_OBJC_ROOT_CLASS = YES_ERROR;
				CLANG_WARN_QUOTED_INCLUDE_IN_FRAMEWORK_HEADER = YES;
				CLANG_WARN_RANGE_LOOP_ANALYSIS = YES;
				CLANG_WARN_STRICT_PROTOTYPES = YES;
				CLANG_WARN_SUSPICIOUS_MOVE = YES;
				CLANG_WARN_UNGUARDED_AVAILABILITY = YES_AGGRESSIVE;
				CLANG_WARN_UNREACHABLE_CODE = YES;
				CLANG_WARN__DUPLICATE_METHOD_MATCH = YES;
				COPY_PHASE_STRIP = NO;
				DEBUG_INFORMATION_FORMAT = "dwarf-with-dsym";
				ENABLE_NS_ASSERTIONS = NO;
				ENABLE_STRICT_OBJC_MSGSEND = YES;
				GCC_C_LANGUAGE_STANDARD = gnu11;
				GCC_NO_COMMON_BLOCKS = YES;
				GCC_WARN_64_TO_32_BIT_CONVERSION = YES;
				GCC_WARN_ABOUT_RETURN_TYPE = YES_ERROR;
				GCC_WARN_UNDECLARED_SELECTOR = YES;
				GCC_WARN_UNINITIALIZED_AUTOS = YES_AGGRESSIVE;
				GCC_WARN_UNUSED_FUNCTION = YES;
				GCC_WARN_UNUSED_VARIABLE = YES;
				IPHONEOS_DEPLOYMENT_TARGET = 15.0;
				MTL_ENABLE_DEBUG_INFO = NO;
				MTL_FAST_MATH = YES;
				SDKROOT = iphoneos;
				SWIFT_COMPILATION_MODE = wholemodule;
				SWIFT_OPTIMIZATION_LEVEL = "-O";
				VALIDATE_PRODUCT = YES;
			};
			name = Release;
		};
		E9E322B02749556E009CCC10 /* Debug */ = {
			isa = XCBuildConfiguration;
			buildSettings = {
				ASSETCATALOG_COMPILER_APPICON_NAME = AppIcon;
				ASSETCATALOG_COMPILER_GLOBAL_ACCENT_COLOR_NAME = AccentColor;
				CODE_SIGN_STYLE = Automatic;
				CURRENT_PROJECT_VERSION = 1;
				DEVELOPMENT_ASSET_PATHS = "\"MyGames/Preview Content\"";
				DEVELOPMENT_TEAM = 35FJFBNPY7;
				ENABLE_PREVIEWS = YES;
				GENERATE_INFOPLIST_FILE = YES;
				INFOPLIST_KEY_UIApplicationSceneManifest_Generation = YES;
				INFOPLIST_KEY_UIApplicationSupportsIndirectInputEvents = YES;
				INFOPLIST_KEY_UILaunchScreen_Generation = YES;
				INFOPLIST_KEY_UISupportedInterfaceOrientations_iPad = "UIInterfaceOrientationPortrait UIInterfaceOrientationPortraitUpsideDown UIInterfaceOrientationLandscapeLeft UIInterfaceOrientationLandscapeRight";
				INFOPLIST_KEY_UISupportedInterfaceOrientations_iPhone = "UIInterfaceOrientationPortrait UIInterfaceOrientationLandscapeLeft UIInterfaceOrientationLandscapeRight";
				LD_RUNPATH_SEARCH_PATHS = (
					"$(inherited)",
					"@executable_path/Frameworks",
				);
				MARKETING_VERSION = 1.0;
				PRODUCT_BUNDLE_IDENTIFIER = com.dhimasdewanto.MyGames;
				PRODUCT_NAME = "$(TARGET_NAME)";
				SWIFT_EMIT_LOC_STRINGS = YES;
				SWIFT_VERSION = 5.0;
				TARGETED_DEVICE_FAMILY = "1,2";
			};
			name = Debug;
		};
		E9E322B12749556E009CCC10 /* Release */ = {
			isa = XCBuildConfiguration;
			buildSettings = {
				ASSETCATALOG_COMPILER_APPICON_NAME = AppIcon;
				ASSETCATALOG_COMPILER_GLOBAL_ACCENT_COLOR_NAME = AccentColor;
				CODE_SIGN_STYLE = Automatic;
				CURRENT_PROJECT_VERSION = 1;
				DEVELOPMENT_ASSET_PATHS = "\"MyGames/Preview Content\"";
				DEVELOPMENT_TEAM = 35FJFBNPY7;
				ENABLE_PREVIEWS = YES;
				GENERATE_INFOPLIST_FILE = YES;
				INFOPLIST_KEY_UIApplicationSceneManifest_Generation = YES;
				INFOPLIST_KEY_UIApplicationSupportsIndirectInputEvents = YES;
				INFOPLIST_KEY_UILaunchScreen_Generation = YES;
				INFOPLIST_KEY_UISupportedInterfaceOrientations_iPad = "UIInterfaceOrientationPortrait UIInterfaceOrientationPortraitUpsideDown UIInterfaceOrientationLandscapeLeft UIInterfaceOrientationLandscapeRight";
				INFOPLIST_KEY_UISupportedInterfaceOrientations_iPhone = "UIInterfaceOrientationPortrait UIInterfaceOrientationLandscapeLeft UIInterfaceOrientationLandscapeRight";
				LD_RUNPATH_SEARCH_PATHS = (
					"$(inherited)",
					"@executable_path/Frameworks",
				);
				MARKETING_VERSION = 1.0;
				PRODUCT_BUNDLE_IDENTIFIER = com.dhimasdewanto.MyGames;
				PRODUCT_NAME = "$(TARGET_NAME)";
				SWIFT_EMIT_LOC_STRINGS = YES;
				SWIFT_VERSION = 5.0;
				TARGETED_DEVICE_FAMILY = "1,2";
			};
			name = Release;
		};
/* End XCBuildConfiguration section */

/* Begin XCConfigurationList section */
		E9E3229C2749556D009CCC10 /* Build configuration list for PBXProject "MyGames" */ = {
			isa = XCConfigurationList;
			buildConfigurations = (
				E9E322AD2749556E009CCC10 /* Debug */,
				E9E322AE2749556E009CCC10 /* Release */,
			);
			defaultConfigurationIsVisible = 0;
			defaultConfigurationName = Release;
		};
		E9E322AF2749556E009CCC10 /* Build configuration list for PBXNativeTarget "MyGames" */ = {
			isa = XCConfigurationList;
			buildConfigurations = (
				E9E322B02749556E009CCC10 /* Debug */,
				E9E322B12749556E009CCC10 /* Release */,
			);
			defaultConfigurationIsVisible = 0;
			defaultConfigurationName = Release;
		};
/* End XCConfigurationList section */

/* Begin XCRemoteSwiftPackageReference section */
		E9E32341274961F4009CCC10 /* XCRemoteSwiftPackageReference "SDWebImageSwiftUI" */ = {
			isa = XCRemoteSwiftPackageReference;
			repositoryURL = "https://github.com/SDWebImage/SDWebImageSwiftUI";
			requirement = {
				kind = upToNextMajorVersion;
				minimumVersion = 2.0.0;
			};
		};
/* End XCRemoteSwiftPackageReference section */

/* Begin XCSwiftPackageProductDependency section */
		E945ED6F274A4ECA006C438B /* Games */ = {
			isa = XCSwiftPackageProductDependency;
			productName = Games;
		};
		E949F5B1274BCC5F00ACB02A /* DetailGame */ = {
			isa = XCSwiftPackageProductDependency;
			productName = DetailGame;
		};
		E94DCA16274A4F0D0080F23E /* Core */ = {
			isa = XCSwiftPackageProductDependency;
			productName = Core;
		};
		E9E32342274961F4009CCC10 /* SDWebImageSwiftUI */ = {
			isa = XCSwiftPackageProductDependency;
			package = E9E32341274961F4009CCC10 /* XCRemoteSwiftPackageReference "SDWebImageSwiftUI" */;
			productName = SDWebImageSwiftUI;
		};
/* End XCSwiftPackageProductDependency section */

/* Begin XCVersionGroup section */
		E9E32315274958BD009CCC10 /* CatalogueModel.xcdatamodeld */ = {
			isa = XCVersionGroup;
			children = (
				E9E32316274958BD009CCC10 /* CatalogueModel.xcdatamodel */,
			);
			currentVersion = E9E32316274958BD009CCC10 /* CatalogueModel.xcdatamodel */;
			path = CatalogueModel.xcdatamodeld;
			sourceTree = "<group>";
			versionGroupType = wrapper.xcdatamodel;
		};
/* End XCVersionGroup section */
	};
	rootObject = E9E322992749556D009CCC10 /* Project object */;
}
